
Microsoft Visual Studio Solution File, Format Version 12.00
# Visual Studio Version 17
VisualStudioVersion = 17.3.32825.248
MinimumVisualStudioVersion = 10.0.40219.1
Project("{FAE04EC0-301F-11D3-BF4B-00C04F79EFBC}") = "FactoryPattern", "FactoryPattern\FactoryPattern.csproj", "{B090FF83-98A7-4AB1-A2C9-298C7F9BEAC7}"
EndProject
Global
	GlobalSection(SolutionConfigurationPlatforms) = preSolution
		Debug|Any CPU = Debug|Any CPU
		Release|Any CPU = Release|Any CPU
	EndGlobalSection
	GlobalSection(ProjectConfigurationPlatforms) = postSolution
		{B090FF83-98A7-4AB1-A2C9-298C7F9BEAC7}.Debug|Any CPU.ActiveCfg = Debug|Any CPU
		{B090FF83-98A7-4AB1-A2C9-298C7F9BEAC7}.Debug|Any CPU.Build.0 = Debug|Any CPU
		{B090FF83-98A7-4AB1-A2C9-298C7F9BEAC7}.Release|Any CPU.ActiveCfg = Release|Any CPU
		{B090FF83-98A7-4AB1-A2C9-298C7F9BEAC7}.Release|Any CPU.Build.0 = Release|Any CPU
	EndGlobalSection
	GlobalSection(SolutionProperties) = preSolution
		HideSolutionNode = FALSE
	EndGlobalSection
	GlobalSection(ExtensibilityGlobals) = postSolution
		SolutionGuid = {424EF6B3-C9CD-4866-9903-3FE06F5BD992}
	EndGlobalSection
EndGlobal
